
Microsoft Visual Studio Solution File, Format Version 10.00
# Visual Studio 2008
Project("{2150E333-8FDC-42A3-9474-1A3956D46DE8}") = "ReusableCore", "ReusableCore", "{78E22ABD-2581-494E-8ED4-C17EDF557082}"
EndProject
Project("{FAE04EC0-301F-11D3-BF4B-00C04F79EFBC}") = "EternalPlay.ReusableCore", "..\ReusableCore\EternalPlay.ReusableCore\EternalPlay.ReusableCore.csproj", "{4AA44811-456E-40A7-B137-A39056134CE0}"
EndProject
Project("{FAE04EC0-301F-11D3-BF4B-00C04F79EFBC}") = "EternalPlay.ReusableCore.Web", "..\ReusableCore\EternalPlay.ReusableCore.Web\EternalPlay.ReusableCore.Web.csproj", "{278944F1-1CCC-4DD8-9041-BD124ADB39CF}"
EndProject
Project("{FAE04EC0-301F-11D3-BF4B-00C04F79EFBC}") = "EternalPlay.Technomonk.WebApplication", "EternalPlay.Technomonk.WebApplication\EternalPlay.Technomonk.WebApplication.csproj", "{46B4504D-D247-4E50-895B-2651EF79AC8C}"
EndProject
Global
	GlobalSection(SolutionConfigurationPlatforms) = preSolution
		Debug|Any CPU = Debug|Any CPU
		Release|Any CPU = Release|Any CPU
	EndGlobalSection
	GlobalSection(ProjectConfigurationPlatforms) = postSolution
		{4AA44811-456E-40A7-B137-A39056134CE0}.Debug|Any CPU.ActiveCfg = Debug|Any CPU
		{4AA44811-456E-40A7-B137-A39056134CE0}.Debug|Any CPU.Build.0 = Debug|Any CPU
		{4AA44811-456E-40A7-B137-A39056134CE0}.Release|Any CPU.ActiveCfg = Release|Any CPU
		{4AA44811-456E-40A7-B137-A39056134CE0}.Release|Any CPU.Build.0 = Release|Any CPU
		{278944F1-1CCC-4DD8-9041-BD124ADB39CF}.Debug|Any CPU.ActiveCfg = Debug|Any CPU
		{278944F1-1CCC-4DD8-9041-BD124ADB39CF}.Debug|Any CPU.Build.0 = Debug|Any CPU
		{278944F1-1CCC-4DD8-9041-BD124ADB39CF}.Release|Any CPU.ActiveCfg = Release|Any CPU
		{278944F1-1CCC-4DD8-9041-BD124ADB39CF}.Release|Any CPU.Build.0 = Release|Any CPU
		{46B4504D-D247-4E50-895B-2651EF79AC8C}.Debug|Any CPU.ActiveCfg = Debug|Any CPU
		{46B4504D-D247-4E50-895B-2651EF79AC8C}.Debug|Any CPU.Build.0 = Debug|Any CPU
		{46B4504D-D247-4E50-895B-2651EF79AC8C}.Release|Any CPU.ActiveCfg = Release|Any CPU
		{46B4504D-D247-4E50-895B-2651EF79AC8C}.Release|Any CPU.Build.0 = Release|Any CPU
	EndGlobalSection
	GlobalSection(SolutionProperties) = preSolution
		HideSolutionNode = FALSE
	EndGlobalSection
	GlobalSection(NestedProjects) = preSolution
		{4AA44811-456E-40A7-B137-A39056134CE0} = {78E22ABD-2581-494E-8ED4-C17EDF557082}
		{278944F1-1CCC-4DD8-9041-BD124ADB39CF} = {78E22ABD-2581-494E-8ED4-C17EDF557082}
	EndGlobalSection
EndGlobal
